
Microsoft Visual Studio Solution File, Format Version 12.00
# Visual Studio Version 17
VisualStudioVersion = 17.9.34728.123
MinimumVisualStudioVersion = 10.0.40219.1
Project("{9A19103F-16F7-4668-BE54-9A1E7A4F7556}") = "DataAccess", "DataAccess\DataAccess.csproj", "{8645DA21-36D7-420D-9CDA-97CB0774EA16}"
EndProject
Project("{9A19103F-16F7-4668-BE54-9A1E7A4F7556}") = "Entities", "Entities\Entities.csproj", "{0094DFAA-A094-424B-8824-0EDE5A74568C}"
EndProject
Project("{9A19103F-16F7-4668-BE54-9A1E7A4F7556}") = "Business", "Business\Business.csproj", "{8D0D496F-383C-45B7-B24D-FBCCB7F508D5}"
EndProject
Project("{9A19103F-16F7-4668-BE54-9A1E7A4F7556}") = "Core", "Core\Core.csproj", "{2A400FDD-ADF4-46A6-B388-A705815132A7}"
EndProject
Project("{FAE04EC0-301F-11D3-BF4B-00C04F79EFBC}") = "WebAPI", "WebAPI\WebAPI.csproj", "{25140717-03E1-46D6-8993-BF28AC114442}"
EndProject
Global
	GlobalSection(SolutionConfigurationPlatforms) = preSolution
		Debug|Any CPU = Debug|Any CPU
		Release|Any CPU = Release|Any CPU
	EndGlobalSection
	GlobalSection(ProjectConfigurationPlatforms) = postSolution
		{8645DA21-36D7-420D-9CDA-97CB0774EA16}.Debug|Any CPU.ActiveCfg = Debug|Any CPU
		{8645DA21-36D7-420D-9CDA-97CB0774EA16}.Debug|Any CPU.Build.0 = Debug|Any CPU
		{8645DA21-36D7-420D-9CDA-97CB0774EA16}.Release|Any CPU.ActiveCfg = Release|Any CPU
		{8645DA21-36D7-420D-9CDA-97CB0774EA16}.Release|Any CPU.Build.0 = Release|Any CPU
		{0094DFAA-A094-424B-8824-0EDE5A74568C}.Debug|Any CPU.ActiveCfg = Debug|Any CPU
		{0094DFAA-A094-424B-8824-0EDE5A74568C}.Debug|Any CPU.Build.0 = Debug|Any CPU
		{0094DFAA-A094-424B-8824-0EDE5A74568C}.Release|Any CPU.ActiveCfg = Release|Any CPU
		{0094DFAA-A094-424B-8824-0EDE5A74568C}.Release|Any CPU.Build.0 = Release|Any CPU
		{8D0D496F-383C-45B7-B24D-FBCCB7F508D5}.Debug|Any CPU.ActiveCfg = Debug|Any CPU
		{8D0D496F-383C-45B7-B24D-FBCCB7F508D5}.Debug|Any CPU.Build.0 = Debug|Any CPU
		{8D0D496F-383C-45B7-B24D-FBCCB7F508D5}.Release|Any CPU.ActiveCfg = Release|Any CPU
		{8D0D496F-383C-45B7-B24D-FBCCB7F508D5}.Release|Any CPU.Build.0 = Release|Any CPU
		{2A400FDD-ADF4-46A6-B388-A705815132A7}.Debug|Any CPU.ActiveCfg = Debug|Any CPU
		{2A400FDD-ADF4-46A6-B388-A705815132A7}.Debug|Any CPU.Build.0 = Debug|Any CPU
		{2A400FDD-ADF4-46A6-B388-A705815132A7}.Release|Any CPU.ActiveCfg = Release|Any CPU
		{2A400FDD-ADF4-46A6-B388-A705815132A7}.Release|Any CPU.Build.0 = Release|Any CPU
		{25140717-03E1-46D6-8993-BF28AC114442}.Debug|Any CPU.ActiveCfg = Debug|Any CPU
		{25140717-03E1-46D6-8993-BF28AC114442}.Debug|Any CPU.Build.0 = Debug|Any CPU
		{25140717-03E1-46D6-8993-BF28AC114442}.Release|Any CPU.ActiveCfg = Release|Any CPU
		{25140717-03E1-46D6-8993-BF28AC114442}.Release|Any CPU.Build.0 = Release|Any CPU
	EndGlobalSection
	GlobalSection(SolutionProperties) = preSolution
		HideSolutionNode = FALSE
	EndGlobalSection
	GlobalSection(ExtensibilityGlobals) = postSolution
		SolutionGuid = {4E2859ED-7A9D-4030-9203-359997C0C23C}
	EndGlobalSection
EndGlobal
